
Microsoft Visual Studio Solution File, Format Version 12.00
# Visual Studio Version 17
VisualStudioVersion = 17.0.31903.59
MinimumVisualStudioVersion = 10.0.40219.1
Project("{FAE04EC0-301F-11D3-BF4B-00C04F79EFBC}") = "Day01", "Day01\Day01.csproj", "{DF73FEF7-868C-41CE-9C9F-1047CE198BE5}"
EndProject
Project("{FAE04EC0-301F-11D3-BF4B-00C04F79EFBC}") = "Day02", "Day02\Day02.csproj", "{C7A34134-574B-4B18-9158-AA319D35CFB3}"
EndProject
Global
	GlobalSection(SolutionConfigurationPlatforms) = preSolution
		Debug|Any CPU = Debug|Any CPU
		Release|Any CPU = Release|Any CPU
	EndGlobalSection
	GlobalSection(SolutionProperties) = preSolution
		HideSolutionNode = FALSE
	EndGlobalSection
	GlobalSection(ProjectConfigurationPlatforms) = postSolution
		{DF73FEF7-868C-41CE-9C9F-1047CE198BE5}.Debug|Any CPU.ActiveCfg = Debug|Any CPU
		{DF73FEF7-868C-41CE-9C9F-1047CE198BE5}.Debug|Any CPU.Build.0 = Debug|Any CPU
		{DF73FEF7-868C-41CE-9C9F-1047CE198BE5}.Release|Any CPU.ActiveCfg = Release|Any CPU
		{DF73FEF7-868C-41CE-9C9F-1047CE198BE5}.Release|Any CPU.Build.0 = Release|Any CPU
		{C7A34134-574B-4B18-9158-AA319D35CFB3}.Debug|Any CPU.ActiveCfg = Debug|Any CPU
		{C7A34134-574B-4B18-9158-AA319D35CFB3}.Debug|Any CPU.Build.0 = Debug|Any CPU
		{C7A34134-574B-4B18-9158-AA319D35CFB3}.Release|Any CPU.ActiveCfg = Release|Any CPU
		{C7A34134-574B-4B18-9158-AA319D35CFB3}.Release|Any CPU.Build.0 = Release|Any CPU
	EndGlobalSection
EndGlobal
