
Microsoft Visual Studio Solution File, Format Version 12.00
# Visual Studio Version 17
VisualStudioVersion = 17.3.32825.248
MinimumVisualStudioVersion = 10.0.40219.1
Project("{9A19103F-16F7-4668-BE54-9A1E7A4F7556}") = "Day1", "Day1\Day1.csproj", "{60145D51-61FD-4649-936C-A2368000CD04}"
EndProject
Project("{9A19103F-16F7-4668-BE54-9A1E7A4F7556}") = "Day2", "Day2\Day2.csproj", "{327139DB-A61A-4D4B-94A5-CA81D85EB0FA}"
EndProject
Project("{9A19103F-16F7-4668-BE54-9A1E7A4F7556}") = "Day3", "Day3\Day3.csproj", "{BC835A78-FAE4-49F1-A469-89616A517C57}"
EndProject
Project("{9A19103F-16F7-4668-BE54-9A1E7A4F7556}") = "Day3.Tests.Benchmark", "Day3.Tests.Benchmark\Day3.Tests.Benchmark.csproj", "{ABF5FB69-DDD8-4B2D-94C1-FA880F5F6A2F}"
EndProject
Project("{9A19103F-16F7-4668-BE54-9A1E7A4F7556}") = "Day4", "Day4\Day4.csproj", "{D6C1A65E-308B-41E8-88D5-BD5924CC8AC0}"
EndProject
Project("{9A19103F-16F7-4668-BE54-9A1E7A4F7556}") = "Day4.Tests.Benchmark", "Day4.Tests.Benchmark\Day4.Tests.Benchmark.csproj", "{A4445D03-B5DC-4520-8807-C89EB93D0A26}"
EndProject
Project("{9A19103F-16F7-4668-BE54-9A1E7A4F7556}") = "Day5", "Day5\Day5.csproj", "{52488662-A353-4D9D-BD00-75F1831890FE}"
EndProject
Project("{9A19103F-16F7-4668-BE54-9A1E7A4F7556}") = "Utils", "Utils\Utils.csproj", "{8FC5599B-0B5D-42A4-B837-8484719D45AF}"
EndProject
Project("{9A19103F-16F7-4668-BE54-9A1E7A4F7556}") = "Day6", "Day6\Day6.csproj", "{8071D9D8-0EC2-4266-8663-7F8B9D4BE6A5}"
EndProject
Project("{9A19103F-16F7-4668-BE54-9A1E7A4F7556}") = "Day6.Tests.Benchmark", "Day6.Tests.Benchmark\Day6.Tests.Benchmark.csproj", "{722C0931-CE35-4144-A9EA-CEE2DE2B6762}"
EndProject
Project("{9A19103F-16F7-4668-BE54-9A1E7A4F7556}") = "Day7", "Day7\Day7.csproj", "{FCA4F545-20A7-48B6-B333-9C70EF96FAEE}"
EndProject
Project("{9A19103F-16F7-4668-BE54-9A1E7A4F7556}") = "Day7.Tests.Benchmark", "Day7.Tests.Benchmark\Day7.Tests.Benchmark.csproj", "{A6280B65-006F-47F2-8EAF-0E901B51275C}"
EndProject
Project("{FAE04EC0-301F-11D3-BF4B-00C04F79EFBC}") = "Day8", "Day8\Day8.csproj", "{43DF3AA7-E0EC-4473-A855-414708B63766}"
EndProject
Global
	GlobalSection(SolutionConfigurationPlatforms) = preSolution
		Debug|Any CPU = Debug|Any CPU
		Release|Any CPU = Release|Any CPU
	EndGlobalSection
	GlobalSection(ProjectConfigurationPlatforms) = postSolution
		{60145D51-61FD-4649-936C-A2368000CD04}.Debug|Any CPU.ActiveCfg = Debug|Any CPU
		{60145D51-61FD-4649-936C-A2368000CD04}.Debug|Any CPU.Build.0 = Debug|Any CPU
		{60145D51-61FD-4649-936C-A2368000CD04}.Release|Any CPU.ActiveCfg = Release|Any CPU
		{60145D51-61FD-4649-936C-A2368000CD04}.Release|Any CPU.Build.0 = Release|Any CPU
		{327139DB-A61A-4D4B-94A5-CA81D85EB0FA}.Debug|Any CPU.ActiveCfg = Debug|Any CPU
		{327139DB-A61A-4D4B-94A5-CA81D85EB0FA}.Debug|Any CPU.Build.0 = Debug|Any CPU
		{327139DB-A61A-4D4B-94A5-CA81D85EB0FA}.Release|Any CPU.ActiveCfg = Release|Any CPU
		{327139DB-A61A-4D4B-94A5-CA81D85EB0FA}.Release|Any CPU.Build.0 = Release|Any CPU
		{BC835A78-FAE4-49F1-A469-89616A517C57}.Debug|Any CPU.ActiveCfg = Debug|Any CPU
		{BC835A78-FAE4-49F1-A469-89616A517C57}.Debug|Any CPU.Build.0 = Debug|Any CPU
		{BC835A78-FAE4-49F1-A469-89616A517C57}.Release|Any CPU.ActiveCfg = Release|Any CPU
		{BC835A78-FAE4-49F1-A469-89616A517C57}.Release|Any CPU.Build.0 = Release|Any CPU
		{ABF5FB69-DDD8-4B2D-94C1-FA880F5F6A2F}.Debug|Any CPU.ActiveCfg = Debug|Any CPU
		{ABF5FB69-DDD8-4B2D-94C1-FA880F5F6A2F}.Debug|Any CPU.Build.0 = Debug|Any CPU
		{ABF5FB69-DDD8-4B2D-94C1-FA880F5F6A2F}.Release|Any CPU.ActiveCfg = Release|Any CPU
		{ABF5FB69-DDD8-4B2D-94C1-FA880F5F6A2F}.Release|Any CPU.Build.0 = Release|Any CPU
		{D6C1A65E-308B-41E8-88D5-BD5924CC8AC0}.Debug|Any CPU.ActiveCfg = Debug|Any CPU
		{D6C1A65E-308B-41E8-88D5-BD5924CC8AC0}.Debug|Any CPU.Build.0 = Debug|Any CPU
		{D6C1A65E-308B-41E8-88D5-BD5924CC8AC0}.Release|Any CPU.ActiveCfg = Release|Any CPU
		{D6C1A65E-308B-41E8-88D5-BD5924CC8AC0}.Release|Any CPU.Build.0 = Release|Any CPU
		{A4445D03-B5DC-4520-8807-C89EB93D0A26}.Debug|Any CPU.ActiveCfg = Debug|Any CPU
		{A4445D03-B5DC-4520-8807-C89EB93D0A26}.Debug|Any CPU.Build.0 = Debug|Any CPU
		{A4445D03-B5DC-4520-8807-C89EB93D0A26}.Release|Any CPU.ActiveCfg = Release|Any CPU
		{A4445D03-B5DC-4520-8807-C89EB93D0A26}.Release|Any CPU.Build.0 = Release|Any CPU
		{52488662-A353-4D9D-BD00-75F1831890FE}.Debug|Any CPU.ActiveCfg = Debug|Any CPU
		{52488662-A353-4D9D-BD00-75F1831890FE}.Debug|Any CPU.Build.0 = Debug|Any CPU
		{52488662-A353-4D9D-BD00-75F1831890FE}.Release|Any CPU.ActiveCfg = Release|Any CPU
		{52488662-A353-4D9D-BD00-75F1831890FE}.Release|Any CPU.Build.0 = Release|Any CPU
		{8FC5599B-0B5D-42A4-B837-8484719D45AF}.Debug|Any CPU.ActiveCfg = Debug|Any CPU
		{8FC5599B-0B5D-42A4-B837-8484719D45AF}.Debug|Any CPU.Build.0 = Debug|Any CPU
		{8FC5599B-0B5D-42A4-B837-8484719D45AF}.Release|Any CPU.ActiveCfg = Release|Any CPU
		{8FC5599B-0B5D-42A4-B837-8484719D45AF}.Release|Any CPU.Build.0 = Release|Any CPU
		{8071D9D8-0EC2-4266-8663-7F8B9D4BE6A5}.Debug|Any CPU.ActiveCfg = Debug|Any CPU
		{8071D9D8-0EC2-4266-8663-7F8B9D4BE6A5}.Debug|Any CPU.Build.0 = Debug|Any CPU
		{8071D9D8-0EC2-4266-8663-7F8B9D4BE6A5}.Release|Any CPU.ActiveCfg = Release|Any CPU
		{8071D9D8-0EC2-4266-8663-7F8B9D4BE6A5}.Release|Any CPU.Build.0 = Release|Any CPU
		{722C0931-CE35-4144-A9EA-CEE2DE2B6762}.Debug|Any CPU.ActiveCfg = Debug|Any CPU
		{722C0931-CE35-4144-A9EA-CEE2DE2B6762}.Debug|Any CPU.Build.0 = Debug|Any CPU
		{722C0931-CE35-4144-A9EA-CEE2DE2B6762}.Release|Any CPU.ActiveCfg = Release|Any CPU
		{722C0931-CE35-4144-A9EA-CEE2DE2B6762}.Release|Any CPU.Build.0 = Release|Any CPU
		{FCA4F545-20A7-48B6-B333-9C70EF96FAEE}.Debug|Any CPU.ActiveCfg = Debug|Any CPU
		{FCA4F545-20A7-48B6-B333-9C70EF96FAEE}.Debug|Any CPU.Build.0 = Debug|Any CPU
		{FCA4F545-20A7-48B6-B333-9C70EF96FAEE}.Release|Any CPU.ActiveCfg = Release|Any CPU
		{FCA4F545-20A7-48B6-B333-9C70EF96FAEE}.Release|Any CPU.Build.0 = Release|Any CPU
		{A6280B65-006F-47F2-8EAF-0E901B51275C}.Debug|Any CPU.ActiveCfg = Debug|Any CPU
		{A6280B65-006F-47F2-8EAF-0E901B51275C}.Debug|Any CPU.Build.0 = Debug|Any CPU
		{A6280B65-006F-47F2-8EAF-0E901B51275C}.Release|Any CPU.ActiveCfg = Release|Any CPU
		{A6280B65-006F-47F2-8EAF-0E901B51275C}.Release|Any CPU.Build.0 = Release|Any CPU
		{43DF3AA7-E0EC-4473-A855-414708B63766}.Debug|Any CPU.ActiveCfg = Debug|Any CPU
		{43DF3AA7-E0EC-4473-A855-414708B63766}.Debug|Any CPU.Build.0 = Debug|Any CPU
		{43DF3AA7-E0EC-4473-A855-414708B63766}.Release|Any CPU.ActiveCfg = Release|Any CPU
		{43DF3AA7-E0EC-4473-A855-414708B63766}.Release|Any CPU.Build.0 = Release|Any CPU
	EndGlobalSection
	GlobalSection(SolutionProperties) = preSolution
		HideSolutionNode = FALSE
	EndGlobalSection
	GlobalSection(ExtensibilityGlobals) = postSolution
		SolutionGuid = {8B0258A8-6319-4E58-92EB-1ECDFD0738EC}
	EndGlobalSection
EndGlobal
