
Microsoft Visual Studio Solution File, Format Version 12.00
# Visual Studio Version 17
VisualStudioVersion = 17.0.31903.59
MinimumVisualStudioVersion = 10.0.40219.1
Project("{2150E333-8FDC-42A3-9474-1A3956D46DE8}") = "2022", "2022", "{B6F662F9-AC43-45F9-9316-C3D07CAC5678}"
EndProject
Project("{FAE04EC0-301F-11D3-BF4B-00C04F79EFBC}") = "Day1", "2022\Day1\Day1.csproj", "{575BEE0F-EF3A-4F3B-A313-EDAFD8D509CA}"
EndProject
Project("{FAE04EC0-301F-11D3-BF4B-00C04F79EFBC}") = "Day2", "2022\Day2\Day2.csproj", "{1DD6BD97-0E00-4C3A-A887-745045A749BA}"
EndProject
Project("{FAE04EC0-301F-11D3-BF4B-00C04F79EFBC}") = "Day3", "2022\Day3\Day3.csproj", "{5813826B-D1AF-4A5E-B4FF-8B9D271A427A}"
EndProject
Project("{FAE04EC0-301F-11D3-BF4B-00C04F79EFBC}") = "Day3.Tests.Benchmark", "2022\Day3.Tests.Benchmark\Day3.Tests.Benchmark.csproj", "{E20B01B6-B20E-473F-BE65-AD4D9F66142A}"
EndProject
Project("{FAE04EC0-301F-11D3-BF4B-00C04F79EFBC}") = "Day4", "2022\Day4\Day4.csproj", "{FD2A4FBC-4B16-4EF0-93FB-FFA5E5B6726F}"
EndProject
Project("{FAE04EC0-301F-11D3-BF4B-00C04F79EFBC}") = "Day4.Tests.Benchmark", "2022\Day4.Tests.Benchmark\Day4.Tests.Benchmark.csproj", "{56F0C661-ED63-43DB-BE5A-28F9C4BA7F9F}"
EndProject
Project("{FAE04EC0-301F-11D3-BF4B-00C04F79EFBC}") = "Day5", "2022\Day5\Day5.csproj", "{53486197-C807-41E2-81BC-0C575A575C95}"
EndProject
Project("{FAE04EC0-301F-11D3-BF4B-00C04F79EFBC}") = "Day6", "2022\Day6\Day6.csproj", "{7A35B40F-7DAF-44CC-8CF7-A8F79C446051}"
EndProject
Project("{FAE04EC0-301F-11D3-BF4B-00C04F79EFBC}") = "Day6.Tests.Benchmark", "2022\Day6.Tests.Benchmark\Day6.Tests.Benchmark.csproj", "{22950B14-5715-407A-9707-3EB8057291CB}"
EndProject
Project("{FAE04EC0-301F-11D3-BF4B-00C04F79EFBC}") = "Day7", "2022\Day7\Day7.csproj", "{7849F676-69D7-4E1E-B36C-052AE026BBBA}"
EndProject
Project("{FAE04EC0-301F-11D3-BF4B-00C04F79EFBC}") = "Day7.Tests.Benchmark", "2022\Day7.Tests.Benchmark\Day7.Tests.Benchmark.csproj", "{E988EB71-45E4-4783-967B-7FB370CC9FBA}"
EndProject
Project("{FAE04EC0-301F-11D3-BF4B-00C04F79EFBC}") = "Day8", "2022\Day8\Day8.csproj", "{098CA733-A539-48A3-A0E3-A6852761ED59}"
EndProject
Project("{2150E333-8FDC-42A3-9474-1A3956D46DE8}") = "2023", "2023", "{4A05FC74-88FF-43F2-92B5-7DE8697AD537}"
EndProject
Project("{FAE04EC0-301F-11D3-BF4B-00C04F79EFBC}") = "Day01", "2023\Day01\Day01.csproj", "{5FCD1793-CBF0-44C0-9017-197DC7CCDB7D}"
EndProject
Project("{FAE04EC0-301F-11D3-BF4B-00C04F79EFBC}") = "Day02", "2023\Day02\Day02.csproj", "{819AFB0A-2D7F-420A-AB86-2A2194F580AA}"
EndProject
Project("{FAE04EC0-301F-11D3-BF4B-00C04F79EFBC}") = "Utils", "Utils\Utils.csproj", "{471E4329-C654-4830-815A-8BF5B945871F}"
EndProject
Global
	GlobalSection(SolutionConfigurationPlatforms) = preSolution
		Debug|Any CPU = Debug|Any CPU
		Release|Any CPU = Release|Any CPU
	EndGlobalSection
	GlobalSection(SolutionProperties) = preSolution
		HideSolutionNode = FALSE
	EndGlobalSection
	GlobalSection(ProjectConfigurationPlatforms) = postSolution
		{575BEE0F-EF3A-4F3B-A313-EDAFD8D509CA}.Debug|Any CPU.ActiveCfg = Debug|Any CPU
		{575BEE0F-EF3A-4F3B-A313-EDAFD8D509CA}.Debug|Any CPU.Build.0 = Debug|Any CPU
		{575BEE0F-EF3A-4F3B-A313-EDAFD8D509CA}.Release|Any CPU.ActiveCfg = Release|Any CPU
		{575BEE0F-EF3A-4F3B-A313-EDAFD8D509CA}.Release|Any CPU.Build.0 = Release|Any CPU
		{1DD6BD97-0E00-4C3A-A887-745045A749BA}.Debug|Any CPU.ActiveCfg = Debug|Any CPU
		{1DD6BD97-0E00-4C3A-A887-745045A749BA}.Debug|Any CPU.Build.0 = Debug|Any CPU
		{1DD6BD97-0E00-4C3A-A887-745045A749BA}.Release|Any CPU.ActiveCfg = Release|Any CPU
		{1DD6BD97-0E00-4C3A-A887-745045A749BA}.Release|Any CPU.Build.0 = Release|Any CPU
		{5813826B-D1AF-4A5E-B4FF-8B9D271A427A}.Debug|Any CPU.ActiveCfg = Debug|Any CPU
		{5813826B-D1AF-4A5E-B4FF-8B9D271A427A}.Debug|Any CPU.Build.0 = Debug|Any CPU
		{5813826B-D1AF-4A5E-B4FF-8B9D271A427A}.Release|Any CPU.ActiveCfg = Release|Any CPU
		{5813826B-D1AF-4A5E-B4FF-8B9D271A427A}.Release|Any CPU.Build.0 = Release|Any CPU
		{E20B01B6-B20E-473F-BE65-AD4D9F66142A}.Debug|Any CPU.ActiveCfg = Debug|Any CPU
		{E20B01B6-B20E-473F-BE65-AD4D9F66142A}.Debug|Any CPU.Build.0 = Debug|Any CPU
		{E20B01B6-B20E-473F-BE65-AD4D9F66142A}.Release|Any CPU.ActiveCfg = Release|Any CPU
		{E20B01B6-B20E-473F-BE65-AD4D9F66142A}.Release|Any CPU.Build.0 = Release|Any CPU
		{FD2A4FBC-4B16-4EF0-93FB-FFA5E5B6726F}.Debug|Any CPU.ActiveCfg = Debug|Any CPU
		{FD2A4FBC-4B16-4EF0-93FB-FFA5E5B6726F}.Debug|Any CPU.Build.0 = Debug|Any CPU
		{FD2A4FBC-4B16-4EF0-93FB-FFA5E5B6726F}.Release|Any CPU.ActiveCfg = Release|Any CPU
		{FD2A4FBC-4B16-4EF0-93FB-FFA5E5B6726F}.Release|Any CPU.Build.0 = Release|Any CPU
		{56F0C661-ED63-43DB-BE5A-28F9C4BA7F9F}.Debug|Any CPU.ActiveCfg = Debug|Any CPU
		{56F0C661-ED63-43DB-BE5A-28F9C4BA7F9F}.Debug|Any CPU.Build.0 = Debug|Any CPU
		{56F0C661-ED63-43DB-BE5A-28F9C4BA7F9F}.Release|Any CPU.ActiveCfg = Release|Any CPU
		{56F0C661-ED63-43DB-BE5A-28F9C4BA7F9F}.Release|Any CPU.Build.0 = Release|Any CPU
		{53486197-C807-41E2-81BC-0C575A575C95}.Debug|Any CPU.ActiveCfg = Debug|Any CPU
		{53486197-C807-41E2-81BC-0C575A575C95}.Debug|Any CPU.Build.0 = Debug|Any CPU
		{53486197-C807-41E2-81BC-0C575A575C95}.Release|Any CPU.ActiveCfg = Release|Any CPU
		{53486197-C807-41E2-81BC-0C575A575C95}.Release|Any CPU.Build.0 = Release|Any CPU
		{7A35B40F-7DAF-44CC-8CF7-A8F79C446051}.Debug|Any CPU.ActiveCfg = Debug|Any CPU
		{7A35B40F-7DAF-44CC-8CF7-A8F79C446051}.Debug|Any CPU.Build.0 = Debug|Any CPU
		{7A35B40F-7DAF-44CC-8CF7-A8F79C446051}.Release|Any CPU.ActiveCfg = Release|Any CPU
		{7A35B40F-7DAF-44CC-8CF7-A8F79C446051}.Release|Any CPU.Build.0 = Release|Any CPU
		{22950B14-5715-407A-9707-3EB8057291CB}.Debug|Any CPU.ActiveCfg = Debug|Any CPU
		{22950B14-5715-407A-9707-3EB8057291CB}.Debug|Any CPU.Build.0 = Debug|Any CPU
		{22950B14-5715-407A-9707-3EB8057291CB}.Release|Any CPU.ActiveCfg = Release|Any CPU
		{22950B14-5715-407A-9707-3EB8057291CB}.Release|Any CPU.Build.0 = Release|Any CPU
		{7849F676-69D7-4E1E-B36C-052AE026BBBA}.Debug|Any CPU.ActiveCfg = Debug|Any CPU
		{7849F676-69D7-4E1E-B36C-052AE026BBBA}.Debug|Any CPU.Build.0 = Debug|Any CPU
		{7849F676-69D7-4E1E-B36C-052AE026BBBA}.Release|Any CPU.ActiveCfg = Release|Any CPU
		{7849F676-69D7-4E1E-B36C-052AE026BBBA}.Release|Any CPU.Build.0 = Release|Any CPU
		{E988EB71-45E4-4783-967B-7FB370CC9FBA}.Debug|Any CPU.ActiveCfg = Debug|Any CPU
		{E988EB71-45E4-4783-967B-7FB370CC9FBA}.Debug|Any CPU.Build.0 = Debug|Any CPU
		{E988EB71-45E4-4783-967B-7FB370CC9FBA}.Release|Any CPU.ActiveCfg = Release|Any CPU
		{E988EB71-45E4-4783-967B-7FB370CC9FBA}.Release|Any CPU.Build.0 = Release|Any CPU
		{098CA733-A539-48A3-A0E3-A6852761ED59}.Debug|Any CPU.ActiveCfg = Debug|Any CPU
		{098CA733-A539-48A3-A0E3-A6852761ED59}.Debug|Any CPU.Build.0 = Debug|Any CPU
		{098CA733-A539-48A3-A0E3-A6852761ED59}.Release|Any CPU.ActiveCfg = Release|Any CPU
		{098CA733-A539-48A3-A0E3-A6852761ED59}.Release|Any CPU.Build.0 = Release|Any CPU
		{5FCD1793-CBF0-44C0-9017-197DC7CCDB7D}.Debug|Any CPU.ActiveCfg = Debug|Any CPU
		{5FCD1793-CBF0-44C0-9017-197DC7CCDB7D}.Debug|Any CPU.Build.0 = Debug|Any CPU
		{5FCD1793-CBF0-44C0-9017-197DC7CCDB7D}.Release|Any CPU.ActiveCfg = Release|Any CPU
		{5FCD1793-CBF0-44C0-9017-197DC7CCDB7D}.Release|Any CPU.Build.0 = Release|Any CPU
		{819AFB0A-2D7F-420A-AB86-2A2194F580AA}.Debug|Any CPU.ActiveCfg = Debug|Any CPU
		{819AFB0A-2D7F-420A-AB86-2A2194F580AA}.Debug|Any CPU.Build.0 = Debug|Any CPU
		{819AFB0A-2D7F-420A-AB86-2A2194F580AA}.Release|Any CPU.ActiveCfg = Release|Any CPU
		{819AFB0A-2D7F-420A-AB86-2A2194F580AA}.Release|Any CPU.Build.0 = Release|Any CPU
		{471E4329-C654-4830-815A-8BF5B945871F}.Debug|Any CPU.ActiveCfg = Debug|Any CPU
		{471E4329-C654-4830-815A-8BF5B945871F}.Debug|Any CPU.Build.0 = Debug|Any CPU
		{471E4329-C654-4830-815A-8BF5B945871F}.Release|Any CPU.ActiveCfg = Release|Any CPU
		{471E4329-C654-4830-815A-8BF5B945871F}.Release|Any CPU.Build.0 = Release|Any CPU
	EndGlobalSection
	GlobalSection(NestedProjects) = preSolution
		{575BEE0F-EF3A-4F3B-A313-EDAFD8D509CA} = {B6F662F9-AC43-45F9-9316-C3D07CAC5678}
		{1DD6BD97-0E00-4C3A-A887-745045A749BA} = {B6F662F9-AC43-45F9-9316-C3D07CAC5678}
		{5813826B-D1AF-4A5E-B4FF-8B9D271A427A} = {B6F662F9-AC43-45F9-9316-C3D07CAC5678}
		{E20B01B6-B20E-473F-BE65-AD4D9F66142A} = {B6F662F9-AC43-45F9-9316-C3D07CAC5678}
		{FD2A4FBC-4B16-4EF0-93FB-FFA5E5B6726F} = {B6F662F9-AC43-45F9-9316-C3D07CAC5678}
		{56F0C661-ED63-43DB-BE5A-28F9C4BA7F9F} = {B6F662F9-AC43-45F9-9316-C3D07CAC5678}
		{53486197-C807-41E2-81BC-0C575A575C95} = {B6F662F9-AC43-45F9-9316-C3D07CAC5678}
		{7A35B40F-7DAF-44CC-8CF7-A8F79C446051} = {B6F662F9-AC43-45F9-9316-C3D07CAC5678}
		{22950B14-5715-407A-9707-3EB8057291CB} = {B6F662F9-AC43-45F9-9316-C3D07CAC5678}
		{7849F676-69D7-4E1E-B36C-052AE026BBBA} = {B6F662F9-AC43-45F9-9316-C3D07CAC5678}
		{E988EB71-45E4-4783-967B-7FB370CC9FBA} = {B6F662F9-AC43-45F9-9316-C3D07CAC5678}
		{098CA733-A539-48A3-A0E3-A6852761ED59} = {B6F662F9-AC43-45F9-9316-C3D07CAC5678}
		{5FCD1793-CBF0-44C0-9017-197DC7CCDB7D} = {4A05FC74-88FF-43F2-92B5-7DE8697AD537}
		{819AFB0A-2D7F-420A-AB86-2A2194F580AA} = {4A05FC74-88FF-43F2-92B5-7DE8697AD537}
	EndGlobalSection
EndGlobal
