
Microsoft Visual Studio Solution File, Format Version 12.00
# Visual Studio Version 17
VisualStudioVersion = 17.0.31903.59
MinimumVisualStudioVersion = 10.0.40219.1
Project("{2150E333-8FDC-42A3-9474-1A3956D46DE8}") = "2022", "2022", "{B6F662F9-AC43-45F9-9316-C3D07CAC5678}"
EndProject
Project("{FAE04EC0-301F-11D3-BF4B-00C04F79EFBC}") = "Y2022D01", "2022\Y2022D01\Y2022D01.csproj", "{575BEE0F-EF3A-4F3B-A313-EDAFD8D509CA}"
EndProject
Project("{FAE04EC0-301F-11D3-BF4B-00C04F79EFBC}") = "Y2022D02", "2022\Y2022D02\Y2022D02.csproj", "{1DD6BD97-0E00-4C3A-A887-745045A749BA}"
EndProject
Project("{FAE04EC0-301F-11D3-BF4B-00C04F79EFBC}") = "Y2022D03", "2022\Y2022D03\Y2022D03.csproj", "{5813826B-D1AF-4A5E-B4FF-8B9D271A427A}"
EndProject
Project("{FAE04EC0-301F-11D3-BF4B-00C04F79EFBC}") = "Y2022D03.Tests.Benchmark", "2022\Y2022D03.Tests.Benchmark\Y2022D03.Tests.Benchmark.csproj", "{E20B01B6-B20E-473F-BE65-AD4D9F66142A}"
EndProject
Project("{FAE04EC0-301F-11D3-BF4B-00C04F79EFBC}") = "Y2022D04", "2022\Y2022D04\Y2022D04.csproj", "{FD2A4FBC-4B16-4EF0-93FB-FFA5E5B6726F}"
EndProject
Project("{FAE04EC0-301F-11D3-BF4B-00C04F79EFBC}") = "Y2022D04.Tests.Benchmark", "2022\Y2022D04.Tests.Benchmark\Y2022D04.Tests.Benchmark.csproj", "{56F0C661-ED63-43DB-BE5A-28F9C4BA7F9F}"
EndProject
Project("{FAE04EC0-301F-11D3-BF4B-00C04F79EFBC}") = "Y2022D05", "2022\Y2022D05\Y2022D05.csproj", "{53486197-C807-41E2-81BC-0C575A575C95}"
EndProject
Project("{FAE04EC0-301F-11D3-BF4B-00C04F79EFBC}") = "Y2022D06", "2022\Y2022D06\Y2022D06.csproj", "{7A35B40F-7DAF-44CC-8CF7-A8F79C446051}"
EndProject
Project("{FAE04EC0-301F-11D3-BF4B-00C04F79EFBC}") = "Y2022D06.Tests.Benchmark", "2022\Y2022D06.Tests.Benchmark\Y2022D06.Tests.Benchmark.csproj", "{22950B14-5715-407A-9707-3EB8057291CB}"
EndProject
Project("{FAE04EC0-301F-11D3-BF4B-00C04F79EFBC}") = "Y2022D07", "2022\Y2022D07\Y2022D07.csproj", "{7849F676-69D7-4E1E-B36C-052AE026BBBA}"
EndProject
Project("{FAE04EC0-301F-11D3-BF4B-00C04F79EFBC}") = "Y2022D07.Tests.Benchmark", "2022\Y2022D07.Tests.Benchmark\Y2022D07.Tests.Benchmark.csproj", "{E988EB71-45E4-4783-967B-7FB370CC9FBA}"
EndProject
Project("{FAE04EC0-301F-11D3-BF4B-00C04F79EFBC}") = "Y2022D08", "2022\Y2022D08\Y2022D08.csproj", "{098CA733-A539-48A3-A0E3-A6852761ED59}"
EndProject
Project("{2150E333-8FDC-42A3-9474-1A3956D46DE8}") = "2023", "2023", "{4A05FC74-88FF-43F2-92B5-7DE8697AD537}"
EndProject
Project("{FAE04EC0-301F-11D3-BF4B-00C04F79EFBC}") = "Y2023D01", "2023\Y2023D01\Y2023D01.csproj", "{5FCD1793-CBF0-44C0-9017-197DC7CCDB7D}"
EndProject
Project("{FAE04EC0-301F-11D3-BF4B-00C04F79EFBC}") = "Y2023D02", "2023\Y2023D02\Y2023D02.csproj", "{819AFB0A-2D7F-420A-AB86-2A2194F580AA}"
EndProject
Project("{FAE04EC0-301F-11D3-BF4B-00C04F79EFBC}") = "Utils", "Utils\Utils.csproj", "{471E4329-C654-4830-815A-8BF5B945871F}"
EndProject
Project("{FAE04EC0-301F-11D3-BF4B-00C04F79EFBC}") = "Y2023D03", "2023\Y2023D03\Y2023D03.csproj", "{C9C7CEEB-CE5A-4615-9A6A-060CD2AC2D9B}"
EndProject
Project("{2150E333-8FDC-42A3-9474-1A3956D46DE8}") = "01", "01", "{0F54889C-7ED7-46C0-A9B2-DDE43B2898F4}"
EndProject
Project("{2150E333-8FDC-42A3-9474-1A3956D46DE8}") = "02", "02", "{36CD3F52-AA29-400F-9D11-4C6F5D46BE8E}"
EndProject
Project("{2150E333-8FDC-42A3-9474-1A3956D46DE8}") = "03", "03", "{51AF557C-A93F-4DFA-8A4D-252B301F19EA}"
EndProject
Project("{2150E333-8FDC-42A3-9474-1A3956D46DE8}") = "04", "04", "{7A22AC7C-0631-4305-9266-F6A3AE1FA182}"
EndProject
Project("{2150E333-8FDC-42A3-9474-1A3956D46DE8}") = "05", "05", "{17FBC7F0-EF5F-4465-9268-40C39B7EE087}"
EndProject
Project("{2150E333-8FDC-42A3-9474-1A3956D46DE8}") = "06", "06", "{BA168411-035B-437C-8B11-AD057F1BD331}"
EndProject
Project("{2150E333-8FDC-42A3-9474-1A3956D46DE8}") = "07", "07", "{921AF48A-A0CB-486C-9A0C-E4CE0BA066E1}"
EndProject
Project("{2150E333-8FDC-42A3-9474-1A3956D46DE8}") = "08", "08", "{FD322069-5C0F-4567-8C46-899F04DB4DA3}"
EndProject
Project("{2150E333-8FDC-42A3-9474-1A3956D46DE8}") = "01", "01", "{212C0E6C-651D-4A08-BC31-4814280C0115}"
EndProject
Project("{2150E333-8FDC-42A3-9474-1A3956D46DE8}") = "02", "02", "{B357657B-7691-416C-B974-C26F86D0F29B}"
EndProject
Project("{2150E333-8FDC-42A3-9474-1A3956D46DE8}") = "03", "03", "{525B9902-A97B-462C-8EF6-1C61B5D09FD5}"
EndProject
Project("{FAE04EC0-301F-11D3-BF4B-00C04F79EFBC}") = "Y2023D03.Tests.Benchmark", "2023\Y2023D03.Tests.Benchmark\Y2023D03.Tests.Benchmark.csproj", "{A885B542-B31B-4989-9D5D-D70FC124097E}"
EndProject
Project("{FAE04EC0-301F-11D3-BF4B-00C04F79EFBC}") = "Y2023D02.Tests.Benchmark", "2023\Y2023D02.Tests.Benchmark\Y2023D02.Tests.Benchmark.csproj", "{D7C39796-6D92-4923-A3C8-33F4BAD66B7B}"
EndProject
Project("{FAE04EC0-301F-11D3-BF4B-00C04F79EFBC}") = "Y2023D01.Tests.Benchmark", "2023\Y2023D01.Tests.Benchmark\Y2023D01.Tests.Benchmark.csproj", "{A6F6430F-8850-47C1-8195-80A1CC2C09FA}"
EndProject
Global
	GlobalSection(SolutionConfigurationPlatforms) = preSolution
		Debug|Any CPU = Debug|Any CPU
		Release|Any CPU = Release|Any CPU
	EndGlobalSection
	GlobalSection(SolutionProperties) = preSolution
		HideSolutionNode = FALSE
	EndGlobalSection
	GlobalSection(ProjectConfigurationPlatforms) = postSolution
		{575BEE0F-EF3A-4F3B-A313-EDAFD8D509CA}.Debug|Any CPU.ActiveCfg = Debug|Any CPU
		{575BEE0F-EF3A-4F3B-A313-EDAFD8D509CA}.Debug|Any CPU.Build.0 = Debug|Any CPU
		{575BEE0F-EF3A-4F3B-A313-EDAFD8D509CA}.Release|Any CPU.ActiveCfg = Release|Any CPU
		{575BEE0F-EF3A-4F3B-A313-EDAFD8D509CA}.Release|Any CPU.Build.0 = Release|Any CPU
		{1DD6BD97-0E00-4C3A-A887-745045A749BA}.Debug|Any CPU.ActiveCfg = Debug|Any CPU
		{1DD6BD97-0E00-4C3A-A887-745045A749BA}.Debug|Any CPU.Build.0 = Debug|Any CPU
		{1DD6BD97-0E00-4C3A-A887-745045A749BA}.Release|Any CPU.ActiveCfg = Release|Any CPU
		{1DD6BD97-0E00-4C3A-A887-745045A749BA}.Release|Any CPU.Build.0 = Release|Any CPU
		{5813826B-D1AF-4A5E-B4FF-8B9D271A427A}.Debug|Any CPU.ActiveCfg = Debug|Any CPU
		{5813826B-D1AF-4A5E-B4FF-8B9D271A427A}.Debug|Any CPU.Build.0 = Debug|Any CPU
		{5813826B-D1AF-4A5E-B4FF-8B9D271A427A}.Release|Any CPU.ActiveCfg = Release|Any CPU
		{5813826B-D1AF-4A5E-B4FF-8B9D271A427A}.Release|Any CPU.Build.0 = Release|Any CPU
		{E20B01B6-B20E-473F-BE65-AD4D9F66142A}.Debug|Any CPU.ActiveCfg = Debug|Any CPU
		{E20B01B6-B20E-473F-BE65-AD4D9F66142A}.Debug|Any CPU.Build.0 = Debug|Any CPU
		{E20B01B6-B20E-473F-BE65-AD4D9F66142A}.Release|Any CPU.ActiveCfg = Release|Any CPU
		{E20B01B6-B20E-473F-BE65-AD4D9F66142A}.Release|Any CPU.Build.0 = Release|Any CPU
		{FD2A4FBC-4B16-4EF0-93FB-FFA5E5B6726F}.Debug|Any CPU.ActiveCfg = Debug|Any CPU
		{FD2A4FBC-4B16-4EF0-93FB-FFA5E5B6726F}.Debug|Any CPU.Build.0 = Debug|Any CPU
		{FD2A4FBC-4B16-4EF0-93FB-FFA5E5B6726F}.Release|Any CPU.ActiveCfg = Release|Any CPU
		{FD2A4FBC-4B16-4EF0-93FB-FFA5E5B6726F}.Release|Any CPU.Build.0 = Release|Any CPU
		{56F0C661-ED63-43DB-BE5A-28F9C4BA7F9F}.Debug|Any CPU.ActiveCfg = Debug|Any CPU
		{56F0C661-ED63-43DB-BE5A-28F9C4BA7F9F}.Debug|Any CPU.Build.0 = Debug|Any CPU
		{56F0C661-ED63-43DB-BE5A-28F9C4BA7F9F}.Release|Any CPU.ActiveCfg = Release|Any CPU
		{56F0C661-ED63-43DB-BE5A-28F9C4BA7F9F}.Release|Any CPU.Build.0 = Release|Any CPU
		{53486197-C807-41E2-81BC-0C575A575C95}.Debug|Any CPU.ActiveCfg = Debug|Any CPU
		{53486197-C807-41E2-81BC-0C575A575C95}.Debug|Any CPU.Build.0 = Debug|Any CPU
		{53486197-C807-41E2-81BC-0C575A575C95}.Release|Any CPU.ActiveCfg = Release|Any CPU
		{53486197-C807-41E2-81BC-0C575A575C95}.Release|Any CPU.Build.0 = Release|Any CPU
		{7A35B40F-7DAF-44CC-8CF7-A8F79C446051}.Debug|Any CPU.ActiveCfg = Debug|Any CPU
		{7A35B40F-7DAF-44CC-8CF7-A8F79C446051}.Debug|Any CPU.Build.0 = Debug|Any CPU
		{7A35B40F-7DAF-44CC-8CF7-A8F79C446051}.Release|Any CPU.ActiveCfg = Release|Any CPU
		{7A35B40F-7DAF-44CC-8CF7-A8F79C446051}.Release|Any CPU.Build.0 = Release|Any CPU
		{22950B14-5715-407A-9707-3EB8057291CB}.Debug|Any CPU.ActiveCfg = Debug|Any CPU
		{22950B14-5715-407A-9707-3EB8057291CB}.Debug|Any CPU.Build.0 = Debug|Any CPU
		{22950B14-5715-407A-9707-3EB8057291CB}.Release|Any CPU.ActiveCfg = Release|Any CPU
		{22950B14-5715-407A-9707-3EB8057291CB}.Release|Any CPU.Build.0 = Release|Any CPU
		{7849F676-69D7-4E1E-B36C-052AE026BBBA}.Debug|Any CPU.ActiveCfg = Debug|Any CPU
		{7849F676-69D7-4E1E-B36C-052AE026BBBA}.Debug|Any CPU.Build.0 = Debug|Any CPU
		{7849F676-69D7-4E1E-B36C-052AE026BBBA}.Release|Any CPU.ActiveCfg = Release|Any CPU
		{7849F676-69D7-4E1E-B36C-052AE026BBBA}.Release|Any CPU.Build.0 = Release|Any CPU
		{E988EB71-45E4-4783-967B-7FB370CC9FBA}.Debug|Any CPU.ActiveCfg = Debug|Any CPU
		{E988EB71-45E4-4783-967B-7FB370CC9FBA}.Debug|Any CPU.Build.0 = Debug|Any CPU
		{E988EB71-45E4-4783-967B-7FB370CC9FBA}.Release|Any CPU.ActiveCfg = Release|Any CPU
		{E988EB71-45E4-4783-967B-7FB370CC9FBA}.Release|Any CPU.Build.0 = Release|Any CPU
		{098CA733-A539-48A3-A0E3-A6852761ED59}.Debug|Any CPU.ActiveCfg = Debug|Any CPU
		{098CA733-A539-48A3-A0E3-A6852761ED59}.Debug|Any CPU.Build.0 = Debug|Any CPU
		{098CA733-A539-48A3-A0E3-A6852761ED59}.Release|Any CPU.ActiveCfg = Release|Any CPU
		{098CA733-A539-48A3-A0E3-A6852761ED59}.Release|Any CPU.Build.0 = Release|Any CPU
		{5FCD1793-CBF0-44C0-9017-197DC7CCDB7D}.Debug|Any CPU.ActiveCfg = Debug|Any CPU
		{5FCD1793-CBF0-44C0-9017-197DC7CCDB7D}.Debug|Any CPU.Build.0 = Debug|Any CPU
		{5FCD1793-CBF0-44C0-9017-197DC7CCDB7D}.Release|Any CPU.ActiveCfg = Release|Any CPU
		{5FCD1793-CBF0-44C0-9017-197DC7CCDB7D}.Release|Any CPU.Build.0 = Release|Any CPU
		{819AFB0A-2D7F-420A-AB86-2A2194F580AA}.Debug|Any CPU.ActiveCfg = Debug|Any CPU
		{819AFB0A-2D7F-420A-AB86-2A2194F580AA}.Debug|Any CPU.Build.0 = Debug|Any CPU
		{819AFB0A-2D7F-420A-AB86-2A2194F580AA}.Release|Any CPU.ActiveCfg = Release|Any CPU
		{819AFB0A-2D7F-420A-AB86-2A2194F580AA}.Release|Any CPU.Build.0 = Release|Any CPU
		{471E4329-C654-4830-815A-8BF5B945871F}.Debug|Any CPU.ActiveCfg = Debug|Any CPU
		{471E4329-C654-4830-815A-8BF5B945871F}.Debug|Any CPU.Build.0 = Debug|Any CPU
		{471E4329-C654-4830-815A-8BF5B945871F}.Release|Any CPU.ActiveCfg = Release|Any CPU
		{471E4329-C654-4830-815A-8BF5B945871F}.Release|Any CPU.Build.0 = Release|Any CPU
		{C9C7CEEB-CE5A-4615-9A6A-060CD2AC2D9B}.Debug|Any CPU.ActiveCfg = Debug|Any CPU
		{C9C7CEEB-CE5A-4615-9A6A-060CD2AC2D9B}.Debug|Any CPU.Build.0 = Debug|Any CPU
		{C9C7CEEB-CE5A-4615-9A6A-060CD2AC2D9B}.Release|Any CPU.ActiveCfg = Release|Any CPU
		{C9C7CEEB-CE5A-4615-9A6A-060CD2AC2D9B}.Release|Any CPU.Build.0 = Release|Any CPU
		{A885B542-B31B-4989-9D5D-D70FC124097E}.Debug|Any CPU.ActiveCfg = Debug|Any CPU
		{A885B542-B31B-4989-9D5D-D70FC124097E}.Debug|Any CPU.Build.0 = Debug|Any CPU
		{A885B542-B31B-4989-9D5D-D70FC124097E}.Release|Any CPU.ActiveCfg = Release|Any CPU
		{A885B542-B31B-4989-9D5D-D70FC124097E}.Release|Any CPU.Build.0 = Release|Any CPU
		{D7C39796-6D92-4923-A3C8-33F4BAD66B7B}.Debug|Any CPU.ActiveCfg = Debug|Any CPU
		{D7C39796-6D92-4923-A3C8-33F4BAD66B7B}.Debug|Any CPU.Build.0 = Debug|Any CPU
		{D7C39796-6D92-4923-A3C8-33F4BAD66B7B}.Release|Any CPU.ActiveCfg = Release|Any CPU
		{D7C39796-6D92-4923-A3C8-33F4BAD66B7B}.Release|Any CPU.Build.0 = Release|Any CPU
		{A6F6430F-8850-47C1-8195-80A1CC2C09FA}.Debug|Any CPU.ActiveCfg = Debug|Any CPU
		{A6F6430F-8850-47C1-8195-80A1CC2C09FA}.Debug|Any CPU.Build.0 = Debug|Any CPU
		{A6F6430F-8850-47C1-8195-80A1CC2C09FA}.Release|Any CPU.ActiveCfg = Release|Any CPU
		{A6F6430F-8850-47C1-8195-80A1CC2C09FA}.Release|Any CPU.Build.0 = Release|Any CPU
	EndGlobalSection
	GlobalSection(NestedProjects) = preSolution
		{0F54889C-7ED7-46C0-A9B2-DDE43B2898F4} = {B6F662F9-AC43-45F9-9316-C3D07CAC5678}
		{36CD3F52-AA29-400F-9D11-4C6F5D46BE8E} = {B6F662F9-AC43-45F9-9316-C3D07CAC5678}
		{51AF557C-A93F-4DFA-8A4D-252B301F19EA} = {B6F662F9-AC43-45F9-9316-C3D07CAC5678}
		{7A22AC7C-0631-4305-9266-F6A3AE1FA182} = {B6F662F9-AC43-45F9-9316-C3D07CAC5678}
		{17FBC7F0-EF5F-4465-9268-40C39B7EE087} = {B6F662F9-AC43-45F9-9316-C3D07CAC5678}
		{BA168411-035B-437C-8B11-AD057F1BD331} = {B6F662F9-AC43-45F9-9316-C3D07CAC5678}
		{FD322069-5C0F-4567-8C46-899F04DB4DA3} = {B6F662F9-AC43-45F9-9316-C3D07CAC5678}
		{921AF48A-A0CB-486C-9A0C-E4CE0BA066E1} = {B6F662F9-AC43-45F9-9316-C3D07CAC5678}
		{575BEE0F-EF3A-4F3B-A313-EDAFD8D509CA} = {0F54889C-7ED7-46C0-A9B2-DDE43B2898F4}
		{1DD6BD97-0E00-4C3A-A887-745045A749BA} = {36CD3F52-AA29-400F-9D11-4C6F5D46BE8E}
		{5813826B-D1AF-4A5E-B4FF-8B9D271A427A} = {51AF557C-A93F-4DFA-8A4D-252B301F19EA}
		{E20B01B6-B20E-473F-BE65-AD4D9F66142A} = {51AF557C-A93F-4DFA-8A4D-252B301F19EA}
		{FD2A4FBC-4B16-4EF0-93FB-FFA5E5B6726F} = {7A22AC7C-0631-4305-9266-F6A3AE1FA182}
		{56F0C661-ED63-43DB-BE5A-28F9C4BA7F9F} = {7A22AC7C-0631-4305-9266-F6A3AE1FA182}
		{53486197-C807-41E2-81BC-0C575A575C95} = {17FBC7F0-EF5F-4465-9268-40C39B7EE087}
		{7A35B40F-7DAF-44CC-8CF7-A8F79C446051} = {BA168411-035B-437C-8B11-AD057F1BD331}
		{22950B14-5715-407A-9707-3EB8057291CB} = {BA168411-035B-437C-8B11-AD057F1BD331}
		{7849F676-69D7-4E1E-B36C-052AE026BBBA} = {921AF48A-A0CB-486C-9A0C-E4CE0BA066E1}
		{E988EB71-45E4-4783-967B-7FB370CC9FBA} = {921AF48A-A0CB-486C-9A0C-E4CE0BA066E1}
		{098CA733-A539-48A3-A0E3-A6852761ED59} = {FD322069-5C0F-4567-8C46-899F04DB4DA3}
		{212C0E6C-651D-4A08-BC31-4814280C0115} = {4A05FC74-88FF-43F2-92B5-7DE8697AD537}
		{B357657B-7691-416C-B974-C26F86D0F29B} = {4A05FC74-88FF-43F2-92B5-7DE8697AD537}
		{525B9902-A97B-462C-8EF6-1C61B5D09FD5} = {4A05FC74-88FF-43F2-92B5-7DE8697AD537}
		{5FCD1793-CBF0-44C0-9017-197DC7CCDB7D} = {212C0E6C-651D-4A08-BC31-4814280C0115}
		{819AFB0A-2D7F-420A-AB86-2A2194F580AA} = {B357657B-7691-416C-B974-C26F86D0F29B}
		{C9C7CEEB-CE5A-4615-9A6A-060CD2AC2D9B} = {525B9902-A97B-462C-8EF6-1C61B5D09FD5}
		{A885B542-B31B-4989-9D5D-D70FC124097E} = {525B9902-A97B-462C-8EF6-1C61B5D09FD5}
		{D7C39796-6D92-4923-A3C8-33F4BAD66B7B} = {B357657B-7691-416C-B974-C26F86D0F29B}
		{A6F6430F-8850-47C1-8195-80A1CC2C09FA} = {212C0E6C-651D-4A08-BC31-4814280C0115}
	EndGlobalSection
EndGlobal
